
Microsoft Visual Studio Solution File, Format Version 12.00
# Visual Studio Version 16
VisualStudioVersion = 16.0.30309.148
MinimumVisualStudioVersion = 10.0.40219.1
Project("{FAE04EC0-301F-11D3-BF4B-00C04F79EFBC}") = "ManipulatingArrays", "ManipulatingArrays\ManipulatingArrays.csproj", "{D91058EB-D736-416D-BE95-582E932A776A}"
EndProject
Global
	GlobalSection(SolutionConfigurationPlatforms) = preSolution
		Debug|Any CPU = Debug|Any CPU
		Release|Any CPU = Release|Any CPU
	EndGlobalSection
	GlobalSection(ProjectConfigurationPlatforms) = postSolution
		{D91058EB-D736-416D-BE95-582E932A776A}.Debug|Any CPU.ActiveCfg = Debug|Any CPU
		{D91058EB-D736-416D-BE95-582E932A776A}.Debug|Any CPU.Build.0 = Debug|Any CPU
		{D91058EB-D736-416D-BE95-582E932A776A}.Release|Any CPU.ActiveCfg = Release|Any CPU
		{D91058EB-D736-416D-BE95-582E932A776A}.Release|Any CPU.Build.0 = Release|Any CPU
	EndGlobalSection
	GlobalSection(SolutionProperties) = preSolution
		HideSolutionNode = FALSE
	EndGlobalSection
	GlobalSection(ExtensibilityGlobals) = postSolution
		SolutionGuid = {1D32B625-C1DB-4B7B-B9A7-ABB562A045D1}
	EndGlobalSection
EndGlobal
